
Microsoft Visual Studio Solution File, Format Version 12.00
# Visual Studio 15
VisualStudioVersion = 15.0.28307.271
MinimumVisualStudioVersion = 10.0.40219.1
Project("{2150E333-8FDC-42A3-9474-1A3956D46DE8}") = "Microsoft.DotNet.Helix", "Microsoft.DotNet.Helix", "{6BE49638-F842-4329-BE8A-30C0F30CCAA5}"
EndProject
Project("{9A19103F-16F7-4668-BE54-9A1E7A4F7556}") = "Microsoft.DotNet.SignTool", "src\Microsoft.DotNet.SignTool\Microsoft.DotNet.SignTool.csproj", "{FE2D1224-2C69-48E2-AEE6-F524AEACF567}"
EndProject
Project("{9A19103F-16F7-4668-BE54-9A1E7A4F7556}") = "Microsoft.DotNet.Arcade.Sdk", "src\Microsoft.DotNet.Arcade.Sdk\Microsoft.DotNet.Arcade.Sdk.csproj", "{747A5C75-6069-4C45-8049-AEAA1D864105}"
EndProject
Project("{2150E333-8FDC-42A3-9474-1A3956D46DE8}") = "Microsoft.DotNet.SwaggerGenerator", "Microsoft.DotNet.SwaggerGenerator", "{BB99CE55-AD68-484A-9474-B8BACED247AB}"
EndProject
Project("{2150E333-8FDC-42A3-9474-1A3956D46DE8}") = "SignCheck", "SignCheck", "{A704E5B2-86A4-4D4F-902D-C10EA18C12DF}"
EndProject
Project("{2150E333-8FDC-42A3-9474-1A3956D46DE8}") = "Tests", "Tests", "{C53DD924-C212-49EA-9BC4-1827421361EF}"
EndProject
Project("{2150E333-8FDC-42A3-9474-1A3956D46DE8}") = "VisualStudio", "VisualStudio", "{80888CDA-37DC-4061-AF5F-7237BF16A320}"
EndProject
Global
	GlobalSection(SolutionConfigurationPlatforms) = preSolution
		Debug|Any CPU = Debug|Any CPU
		Debug|x64 = Debug|x64
		Debug|x86 = Debug|x86
		Release|Any CPU = Release|Any CPU
		Release|x64 = Release|x64
		Release|x86 = Release|x86
	EndGlobalSection
	GlobalSection(ProjectConfigurationPlatforms) = postSolution
		{FE2D1224-2C69-48E2-AEE6-F524AEACF567}.Debug|Any CPU.ActiveCfg = Debug|Any CPU
		{FE2D1224-2C69-48E2-AEE6-F524AEACF567}.Debug|Any CPU.Build.0 = Debug|Any CPU
		{FE2D1224-2C69-48E2-AEE6-F524AEACF567}.Debug|x64.ActiveCfg = Debug|Any CPU
		{FE2D1224-2C69-48E2-AEE6-F524AEACF567}.Debug|x64.Build.0 = Debug|Any CPU
		{FE2D1224-2C69-48E2-AEE6-F524AEACF567}.Debug|x86.ActiveCfg = Debug|Any CPU
		{FE2D1224-2C69-48E2-AEE6-F524AEACF567}.Debug|x86.Build.0 = Debug|Any CPU
		{FE2D1224-2C69-48E2-AEE6-F524AEACF567}.Release|Any CPU.ActiveCfg = Release|Any CPU
		{FE2D1224-2C69-48E2-AEE6-F524AEACF567}.Release|Any CPU.Build.0 = Release|Any CPU
		{FE2D1224-2C69-48E2-AEE6-F524AEACF567}.Release|x64.ActiveCfg = Release|Any CPU
		{FE2D1224-2C69-48E2-AEE6-F524AEACF567}.Release|x64.Build.0 = Release|Any CPU
		{FE2D1224-2C69-48E2-AEE6-F524AEACF567}.Release|x86.ActiveCfg = Release|Any CPU
		{FE2D1224-2C69-48E2-AEE6-F524AEACF567}.Release|x86.Build.0 = Release|Any CPU
		{747A5C75-6069-4C45-8049-AEAA1D864105}.Debug|Any CPU.ActiveCfg = Debug|Any CPU
		{747A5C75-6069-4C45-8049-AEAA1D864105}.Debug|Any CPU.Build.0 = Debug|Any CPU
		{747A5C75-6069-4C45-8049-AEAA1D864105}.Debug|x64.ActiveCfg = Debug|Any CPU
		{747A5C75-6069-4C45-8049-AEAA1D864105}.Debug|x64.Build.0 = Debug|Any CPU
		{747A5C75-6069-4C45-8049-AEAA1D864105}.Debug|x86.ActiveCfg = Debug|Any CPU
		{747A5C75-6069-4C45-8049-AEAA1D864105}.Debug|x86.Build.0 = Debug|Any CPU
		{747A5C75-6069-4C45-8049-AEAA1D864105}.Release|Any CPU.ActiveCfg = Release|Any CPU
		{747A5C75-6069-4C45-8049-AEAA1D864105}.Release|Any CPU.Build.0 = Release|Any CPU
		{747A5C75-6069-4C45-8049-AEAA1D864105}.Release|x64.ActiveCfg = Release|Any CPU
		{747A5C75-6069-4C45-8049-AEAA1D864105}.Release|x64.Build.0 = Release|Any CPU
		{747A5C75-6069-4C45-8049-AEAA1D864105}.Release|x86.ActiveCfg = Release|Any CPU
		{747A5C75-6069-4C45-8049-AEAA1D864105}.Release|x86.Build.0 = Release|Any CPU
	EndGlobalSection
	GlobalSection(SolutionProperties) = preSolution
		HideSolutionNode = FALSE
	EndGlobalSection
	GlobalSection(ExtensibilityGlobals) = postSolution
		SolutionGuid = {32B9C883-432E-4FC8-A1BF-090EB033DD5B}
	EndGlobalSection
EndGlobal
